{
  "name": "neta-relay-corecrypto-spike",
  "version": "1.0.0",
  "lockfileVersion": 3,
  "requires": true,
  "packages": {
    "": {
      "name": "neta-relay-corecrypto-spike",
      "version": "1.0.0",
      "license": "UNLICENSED",
      "dependencies": {
        "@ubjs/core": "0.31.0-5",
        "@ubjs/node": "0.31.0-6",
        "@wireapp/core-crypto": "10.5.3"
      },
      "devDependencies": {
        "playwright": "1.63.0"
      }
    },
    "node_modules/@ubjs/core": {
      "version": "0.31.0-5",
      "resolved": "https://registry.npmjs.org/@ubjs/core/-/core-0.31.0-5.tgz",
      "integrity": "sha512-oRBRtyYOhaodiOY3rLMZFgAHGFMmD44XefMpsAx4Ja0/rO+45kVdQB1VZsblQMLYxP965i3IHm56eymgo3I5eQ==",
      "license": "MPL-2.0"
    },
    "node_modules/@ubjs/node": {
      "version": "0.31.0-6",
      "resolved": "https://registry.npmjs.org/@ubjs/node/-/node-0.31.0-6.tgz",
      "integrity": "sha512-VrLj3vnh2TPLb8PItmrK5JJe277rdpTrqiptmb8zySdJ+sGl9Kj1imAE6XSK9zCokPl8lSpgotEQZYCVGZ7egg==",
      "license": "MPL-2.0",
      "optionalDependencies": {
        "@ubjs/node-darwin-arm64": "0.31.0-6",
        "@ubjs/node-darwin-x64": "0.31.0-6",
        "@ubjs/node-linux-arm64-gnu": "0.31.0-6",
        "@ubjs/node-linux-arm64-musl": "0.31.0-6",
        "@ubjs/node-linux-x64-gnu": "0.31.0-6",
        "@ubjs/node-linux-x64-musl": "0.31.0-6",
        "@ubjs/node-win32-arm64-msvc": "0.31.0-6",
        "@ubjs/node-win32-x64-msvc": "0.31.0-6"
      }
    },
    "node_modules/@ubjs/node-darwin-arm64": {
      "version": "0.31.0-6",
      "resolved": "https://registry.npmjs.org/@ubjs/node-darwin-arm64/-/node-darwin-arm64-0.31.0-6.tgz",
      "integrity": "sha512-3nbV0hfuBYQZ8/iQr7YgYHFV1+LUL61satrHl6H5l0Cdw8SlxXmfX8y1GsfWlJoWrru2Fwzo9ehv9jMMxK8RKw==",
      "cpu": [
        "arm64"
      ],
      "license": "MPL-2.0",
      "optional": true,
      "os": [
        "darwin"
      ]
    },
    "node_modules/@ubjs/node-darwin-x64": {
      "version": "0.31.0-6",
      "resolved": "https://registry.npmjs.org/@ubjs/node-darwin-x64/-/node-darwin-x64-0.31.0-6.tgz",
      "integrity": "sha512-IjwuLowq00bOau61LeZEOQ+DPuyHPR0WvrzsEt8X0A7nwuxxdhteMMwW5nTaJtxyc2D0wvomCJ12zhAUO9x9gA==",
      "cpu": [
        "x64"
      ],
      "license": "MPL-2.0",
      "optional": true,
      "os": [
        "darwin"
      ]
    },
    "node_modules/@ubjs/node-linux-arm64-gnu": {
      "version": "0.31.0-6",
      "resolved": "https://registry.npmjs.org/@ubjs/node-linux-arm64-gnu/-/node-linux-arm64-gnu-0.31.0-6.tgz",
      "integrity": "sha512-8BsOLAm0/+eWDN0dwqAgAmdy3SVkgMOcGaad3TPLG81FtztFOr7XyPvg7coYIvzraMyqOn1NNTwxFPZTgEaDug==",
      "cpu": [
        "arm64"
      ],
      "libc": [
        "glibc"
      ],
      "license": "MPL-2.0",
      "optional": true,
      "os": [
        "linux"
      ]
    },
    "node_modules/@ubjs/node-linux-arm64-musl": {
      "version": "0.31.0-6",
      "resolved": "https://registry.npmjs.org/@ubjs/node-linux-arm64-musl/-/node-linux-arm64-musl-0.31.0-6.tgz",
      "integrity": "sha512-0b3u/T2LBNr/rNURF2B5tTDtlg+vVbm47dnErjUr6yhL53jbM19jVZSceZhFiQDy7awnFZK9hKO/CA37ghm6Jw==",
      "cpu": [
        "arm64"
      ],
      "libc": [
        "musl"
      ],
      "license": "MPL-2.0",
      "optional": true,
      "os": [
        "linux"
      ]
    },
    "node_modules/@ubjs/node-linux-x64-gnu": {
      "version": "0.31.0-6",
      "resolved": "https://registry.npmjs.org/@ubjs/node-linux-x64-gnu/-/node-linux-x64-gnu-0.31.0-6.tgz",
      "integrity": "sha512-dVaIJNpEksmZpPjL80+VdzFF2AT/6JVg7iVM4P2toxYfMLwZKSVLFhkJo5Oi9VxwBY4Ghop3UHEDFTDxRrmzAA==",
      "cpu": [
        "x64"
      ],
      "libc": [
        "glibc"
      ],
      "license": "MPL-2.0",
      "optional": true,
      "os": [
        "linux"
      ]
    },
    "node_modules/@ubjs/node-linux-x64-musl": {
      "version": "0.31.0-6",
      "resolved": "https://registry.npmjs.org/@ubjs/node-linux-x64-musl/-/node-linux-x64-musl-0.31.0-6.tgz",
      "integrity": "sha512-t56uHQJ6MVXeJbb9tbI6csA5SxILHMuUx163b5hZUVI6UuUtbW9VF0bTHnIviqinlo7g0TZyX4V3m2zAR3yTAw==",
      "cpu": [
        "x64"
      ],
      "libc": [
        "musl"
      ],
      "license": "MPL-2.0",
      "optional": true,
      "os": [
        "linux"
      ]
    },
    "node_modules/@ubjs/node-win32-arm64-msvc": {
      "version": "0.31.0-6",
      "resolved": "https://registry.npmjs.org/@ubjs/node-win32-arm64-msvc/-/node-win32-arm64-msvc-0.31.0-6.tgz",
      "integrity": "sha512-NO7OCBT0IYSkTVu99qXT66dv5Lsu02h1qH34Aj71qxapawRoxiSXkXe95SdPf3PYhxa4xCfIWyTGN3aQgVcgWw==",
      "cpu": [
        "arm64"
      ],
      "license": "MPL-2.0",
      "optional": true,
      "os": [
        "win32"
      ]
    },
    "node_modules/@ubjs/node-win32-x64-msvc": {
      "version": "0.31.0-6",
      "resolved": "https://registry.npmjs.org/@ubjs/node-win32-x64-msvc/-/node-win32-x64-msvc-0.31.0-6.tgz",
      "integrity": "sha512-rZLZ+fF6igA2ZvDVmwEFELwoumpnFVmaUHOqwswTzs/n45koFlmL9lb1DhRBSTC2A6lnFQkZO8tivGP4AvxNrA==",
      "cpu": [
        "x64"
      ],
      "license": "MPL-2.0",
      "optional": true,
      "os": [
        "win32"
      ]
    },
    "node_modules/@wireapp/core-crypto": {
      "version": "10.5.3",
      "resolved": "https://registry.npmjs.org/@wireapp/core-crypto/-/core-crypto-10.5.3.tgz",
      "integrity": "sha512-cWUH2GzQwbke5Q1R15QDF4f8B83+pLm5vc8U7fC+tqf14MMDzcAJDTEtqwekYKf7HFt61dwEI2HJU0Cwl3M1dw==",
      "license": "GPL-3.0"
    },
    "node_modules/playwright": {
      "version": "1.63.0",
      "resolved": "https://registry.npmjs.org/playwright/-/playwright-1.63.0.tgz",
      "integrity": "sha512-+7ziBLidS4NaNCdt57SUDT+wYmmd5fmiQejUic/kb+YsYSCPyOOE9sebzMjNmQrsnNpDJqd4WHvV/8lfKfUDUg==",
      "dev": true,
      "license": "Apache-2.0",
      "dependencies": {
        "playwright-core": "1.63.0"
      },
      "bin": {
        "playwright": "cli.js"
      },
      "engines": {
        "node": ">=20"
      }
    },
    "node_modules/playwright-core": {
      "version": "1.63.0",
      "resolved": "https://registry.npmjs.org/playwright-core/-/playwright-core-1.63.0.tgz",
      "integrity": "sha512-rYCsBF/M5HjUch52bbtVONEFjv6Xu8sm8h72dNlR5bzIE1fvC/bxgspzkjSfU+MweEMmPM8KJebG6nnyxo5mCg==",
      "dev": true,
      "license": "Apache-2.0",
      "bin": {
        "playwright-core": "cli.js"
      },
      "engines": {
        "node": ">=20"
      }
    }
  }
}
